{
  "object": {
    "pins": [
      {
        "package": "CLIFoundation",
        "repositoryURL": "https://github.com/henrik-dmg/CLIFoundation",
        "state": {
          "branch": null,
          "revision": "44db85e2cf04e78265956b3326a4346b87d36d07",
          "version": "0.6.3"
        }
      },
      {
        "package": "swift-argument-parser",
        "repositoryURL": "https://github.com/apple/swift-argument-parser",
        "state": {
          "branch": null,
          "revision": "92646c0cdbaca076c8d3d0207891785b3379cbff",
          "version": "0.3.1"
        }
      }
    ]
  },
  "version": 1
}
